// !$*UTF8*$!
{
	archiveVersion = 1;
	classes = {
	};
	objectVersion = 50;
	objects = {

/* Begin PBXBuildFile section */
		6A10930C209E9E47001EE89B /* AppDelegate.swift in Sources */ = {isa = PBXBuildFile; fileRef = 6A10930B209E9E47001EE89B /* AppDelegate.swift */; };
		6A10930E209E9E47001EE89B /* ViewController.swift in Sources */ = {isa = PBXBuildFile; fileRef = 6A10930D209E9E47001EE89B /* ViewController.swift */; };
		6A109311209E9E47001EE89B /* Main.storyboard in Resources */ = {isa = PBXBuildFile; fileRef = 6A10930F209E9E47001EE89B /* Main.storyboard */; };
		6A109313209E9E48001EE89B /* Assets.xcassets in Resources */ = {isa = PBXBuildFile; fileRef = 6A109312209E9E48001EE89B /* Assets.xcassets */; };
		6A109316209E9E48001EE89B /* LaunchScreen.storyboard in Resources */ = {isa = PBXBuildFile; fileRef = 6A109314209E9E48001EE89B /* LaunchScreen.storyboard */; };
		6A10931E209EAAEA001EE89B /* MKMapView+ZoomLevel.swift in Sources */ = {isa = PBXBuildFile; fileRef = 6A10931D209EAAEA001EE89B /* MKMapView+ZoomLevel.swift */; };
		CEB366A9F5BFD47D81231CD4 /* Pods_TrainingMaps.framework in Frameworks */ = {isa = PBXBuildFile; fileRef = 03382B79CBF63427E20E96E1 /* Pods_TrainingMaps.framework */; };
/* End PBXBuildFile section */

/* Begin PBXFileReference section */
		03382B79CBF63427E20E96E1 /* Pods_TrainingMaps.framework */ = {isa = PBXFileReference; explicitFileType = wrapper.framework; includeInIndex = 0; path = Pods_TrainingMaps.framework; sourceTree = BUILT_PRODUCTS_DIR; };
		6A109308209E9E47001EE89B /* TrainingMaps.app */ = {isa = PBXFileReference; explicitFileType = wrapper.application; includeInIndex = 0; path = TrainingMaps.app; sourceTree = BUILT_PRODUCTS_DIR; };
		6A10930B209E9E47001EE89B /* AppDelegate.swift */ = {isa = PBXFileReference; lastKnownFileType = sourcecode.swift; path = AppDelegate.swift; sourceTree = "<group>"; };
		6A10930D209E9E47001EE89B /* ViewController.swift */ = {isa = PBXFileReference; lastKnownFileType = sourcecode.swift; path = ViewController.swift; sourceTree = "<group>"; };
		6A109310209E9E47001EE89B /* Base */ = {isa = PBXFileReference; lastKnownFileType = file.storyboard; name = Base; path = Base.lproj/Main.storyboard; sourceTree = "<group>"; };
		6A109312209E9E48001EE89B /* Assets.xcassets */ = {isa = PBXFileReference; lastKnownFileType = folder.assetcatalog; path = Assets.xcassets; sourceTree = "<group>"; };
		6A109315209E9E48001EE89B /* Base */ = {isa = PBXFileReference; lastKnownFileType = file.storyboard; name = Base; path = Base.lproj/LaunchScreen.storyboard; sourceTree = "<group>"; };
		6A109317209E9E48001EE89B /* Info.plist */ = {isa = PBXFileReference; lastKnownFileType = text.plist.xml; path = Info.plist; sourceTree = "<group>"; };
		6A10931D209EAAEA001EE89B /* MKMapView+ZoomLevel.swift */ = {isa = PBXFileReference; lastKnownFileType = sourcecode.swift; path = "MKMapView+ZoomLevel.swift"; sourceTree = "<group>"; };
		89E7DCA26E43F7970FB48253 /* Pods-TrainingMaps.release.xcconfig */ = {isa = PBXFileReference; includeInIndex = 1; lastKnownFileType = text.xcconfig; name = "Pods-TrainingMaps.release.xcconfig"; path = "Pods/Target Support Files/Pods-TrainingMaps/Pods-TrainingMaps.release.xcconfig"; sourceTree = "<group>"; };
		F7A74EED27295AB08AB33F20 /* Pods-TrainingMaps.debug.xcconfig */ = {isa = PBXFileReference; includeInIndex = 1; lastKnownFileType = text.xcconfig; name = "Pods-TrainingMaps.debug.xcconfig"; path = "Pods/Target Support Files/Pods-TrainingMaps/Pods-TrainingMaps.debug.xcconfig"; sourceTree = "<group>"; };
/* End PBXFileReference section */

/* Begin PBXFrameworksBuildPhase section */
		6A109305209E9E47001EE89B /* Frameworks */ = {
			isa = PBXFrameworksBuildPhase;
			buildActionMask = 2147483647;
			files = (
				CEB366A9F5BFD47D81231CD4 /* Pods_TrainingMaps.framework in Frameworks */,
			);
			runOnlyForDeploymentPostprocessing = 0;
		};
/* End PBXFrameworksBuildPhase section */

/* Begin PBXGroup section */
		6A1092FF209E9E47001EE89B = {
			isa = PBXGroup;
			children = (
				6A10930A209E9E47001EE89B /* TrainingMaps */,
				6A109309209E9E47001EE89B /* Products */,
				B9A14DD669A4C151C2767E79 /* Pods */,
				C4892863094C2654F7233271 /* Frameworks */,
			);
			sourceTree = "<group>";
		};
		6A109309209E9E47001EE89B /* Products */ = {
			isa = PBXGroup;
			children = (
				6A109308209E9E47001EE89B /* TrainingMaps.app */,
			);
			name = Products;
			sourceTree = "<group>";
		};
		6A10930A209E9E47001EE89B /* TrainingMaps */ = {
			isa = PBXGroup;
			children = (
				6A10931F209EAAEE001EE89B /* Extension */,
				6A10930B209E9E47001EE89B /* AppDelegate.swift */,
				6A10930D209E9E47001EE89B /* ViewController.swift */,
				6A10930F209E9E47001EE89B /* Main.storyboard */,
				6A109312209E9E48001EE89B /* Assets.xcassets */,
				6A109314209E9E48001EE89B /* LaunchScreen.storyboard */,
				6A109317209E9E48001EE89B /* Info.plist */,
			);
			path = TrainingMaps;
			sourceTree = "<group>";
		};
		6A10931F209EAAEE001EE89B /* Extension */ = {
			isa = PBXGroup;
			children = (
				6A10931D209EAAEA001EE89B /* MKMapView+ZoomLevel.swift */,
			);
			path = Extension;
			sourceTree = "<group>";
		};
		B9A14DD669A4C151C2767E79 /* Pods */ = {
			isa = PBXGroup;
			children = (
				F7A74EED27295AB08AB33F20 /* Pods-TrainingMaps.debug.xcconfig */,
				89E7DCA26E43F7970FB48253 /* Pods-TrainingMaps.release.xcconfig */,
			);
			name = Pods;
			sourceTree = "<group>";
		};
		C4892863094C2654F7233271 /* Frameworks */ = {
			isa = PBXGroup;
			children = (
				03382B79CBF63427E20E96E1 /* Pods_TrainingMaps.framework */,
			);
			name = Frameworks;
			sourceTree = "<group>";
		};
/* End PBXGroup section */

/* Begin PBXNativeTarget section */
		6A109307209E9E47001EE89B /* TrainingMaps */ = {
			isa = PBXNativeTarget;
			buildConfigurationList = 6A10931A209E9E48001EE89B /* Build configuration list for PBXNativeTarget "TrainingMaps" */;
			buildPhases = (
				EDA7AC833F115EA2A762A4C7 /* [CP] Check Pods Manifest.lock */,
				6A109304209E9E47001EE89B /* Sources */,
				6A109305209E9E47001EE89B /* Frameworks */,
				6A109306209E9E47001EE89B /* Resources */,
				FF3811EEEC826E0740436421 /* [CP] Embed Pods Frameworks */,
			);
			buildRules = (
			);
			dependencies = (
			);
			name = TrainingMaps;
			productName = TrainingMaps;
			productReference = 6A109308209E9E47001EE89B /* TrainingMaps.app */;
			productType = "com.apple.product-type.application";
		};
/* End PBXNativeTarget section */

/* Begin PBXProject section */
		6A109300209E9E47001EE89B /* Project object */ = {
			isa = PBXProject;
			attributes = {
				LastSwiftUpdateCheck = 0930;
				LastUpgradeCheck = 0930;
				ORGANIZATIONNAME = "Isaías";
				TargetAttributes = {
					6A109307209E9E47001EE89B = {
						CreatedOnToolsVersion = 9.3;
					};
				};
			};
			buildConfigurationList = 6A109303209E9E47001EE89B /* Build configuration list for PBXProject "TrainingMaps" */;
			compatibilityVersion = "Xcode 9.3";
			developmentRegion = en;
			hasScannedForEncodings = 0;
			knownRegions = (
				en,
				Base,
			);
			mainGroup = 6A1092FF209E9E47001EE89B;
			productRefGroup = 6A109309209E9E47001EE89B /* Products */;
			projectDirPath = "";
			projectRoot = "";
			targets = (
				6A109307209E9E47001EE89B /* TrainingMaps */,
			);
		};
/* End PBXProject section */

/* Begin PBXResourcesBuildPhase section */
		6A109306209E9E47001EE89B /* Resources */ = {
			isa = PBXResourcesBuildPhase;
			buildActionMask = 2147483647;
			files = (
				6A109316209E9E48001EE89B /* LaunchScreen.storyboard in Resources */,
				6A109313209E9E48001EE89B /* Assets.xcassets in Resources */,
				6A109311209E9E47001EE89B /* Main.storyboard in Resources */,
			);
			runOnlyForDeploymentPostprocessing = 0;
		};
/* End PBXResourcesBuildPhase section */

/* Begin PBXShellScriptBuildPhase section */
		EDA7AC833F115EA2A762A4C7 /* [CP] Check Pods Manifest.lock */ = {
			isa = PBXShellScriptBuildPhase;
			buildActionMask = 2147483647;
			files = (
			);
			inputPaths = (
				"${PODS_PODFILE_DIR_PATH}/Podfile.lock",
				"${PODS_ROOT}/Manifest.lock",
			);
			name = "[CP] Check Pods Manifest.lock";
			outputPaths = (
				"$(DERIVED_FILE_DIR)/Pods-TrainingMaps-checkManifestLockResult.txt",
			);
			runOnlyForDeploymentPostprocessing = 0;
			shellPath = /bin/sh;
			shellScript = "diff \"${PODS_PODFILE_DIR_PATH}/Podfile.lock\" \"${PODS_ROOT}/Manifest.lock\" > /dev/null\nif [ $? != 0 ] ; then\n    # print error to STDERR\n    echo \"error: The sandbox is not in sync with the Podfile.lock. Run 'pod install' or update your CocoaPods installation.\" >&2\n    exit 1\nfi\n# This output is used by Xcode 'outputs' to avoid re-running this script phase.\necho \"SUCCESS\" > \"${SCRIPT_OUTPUT_FILE_0}\"\n";
			showEnvVarsInLog = 0;
		};
		FF3811EEEC826E0740436421 /* [CP] Embed Pods Frameworks */ = {
			isa = PBXShellScriptBuildPhase;
			buildActionMask = 2147483647;
			files = (
			);
			inputPaths = (
				"${SRCROOT}/Pods/Target Support Files/Pods-TrainingMaps/Pods-TrainingMaps-frameworks.sh",
				"${BUILT_PRODUCTS_DIR}/PKHUD/PKHUD.framework",
			);
			name = "[CP] Embed Pods Frameworks";
			outputPaths = (
				"${TARGET_BUILD_DIR}/${FRAMEWORKS_FOLDER_PATH}/PKHUD.framework",
			);
			runOnlyForDeploymentPostprocessing = 0;
			shellPath = /bin/sh;
			shellScript = "\"${SRCROOT}/Pods/Target Support Files/Pods-TrainingMaps/Pods-TrainingMaps-frameworks.sh\"\n";
			showEnvVarsInLog = 0;
		};
/* End PBXShellScriptBuildPhase section */

/* Begin PBXSourcesBuildPhase section */
		6A109304209E9E47001EE89B /* Sources */ = {
			isa = PBXSourcesBuildPhase;
			buildActionMask = 2147483647;
			files = (
				6A10930E209E9E47001EE89B /* ViewController.swift in Sources */,
				6A10931E209EAAEA001EE89B /* MKMapView+ZoomLevel.swift in Sources */,
				6A10930C209E9E47001EE89B /* AppDelegate.swift in Sources */,
			);
			runOnlyForDeploymentPostprocessing = 0;
		};
/* End PBXSourcesBuildPhase section */

/* Begin PBXVariantGroup section */
		6A10930F209E9E47001EE89B /* Main.storyboard */ = {
			isa = PBXVariantGroup;
			children = (
				6A109310209E9E47001EE89B /* Base */,
			);
			name = Main.storyboard;
			sourceTree = "<group>";
		};
		6A109314209E9E48001EE89B /* LaunchScreen.storyboard */ = {
			isa = PBXVariantGroup;
			children = (
				6A109315209E9E48001EE89B /* Base */,
			);
			name = LaunchScreen.storyboard;
			sourceTree = "<group>";
		};
/* End PBXVariantGroup section */

/* Begin XCBuildConfiguration section */
		6A109318209E9E48001EE89B /* Debug */ = {
			isa = XCBuildConfiguration;
			buildSettings = {
				ALWAYS_SEARCH_USER_PATHS = NO;
				CLANG_ANALYZER_NONNULL = YES;
				CLANG_ANALYZER_NUMBER_OBJECT_CONVERSION = YES_AGGRESSIVE;
				CLANG_CXX_LANGUAGE_STANDARD = "gnu++14";
				CLANG_CXX_LIBRARY = "libc++";
				CLANG_ENABLE_MODULES = YES;
				CLANG_ENABLE_OBJC_ARC = YES;
				CLANG_ENABLE_OBJC_WEAK = YES;
				CLANG_WARN_BLOCK_CAPTURE_AUTORELEASING = YES;
				CLANG_WARN_BOOL_CONVERSION = YES;
				CLANG_WARN_COMMA = YES;
				CLANG_WARN_CONSTANT_CONVERSION = YES;
				CLANG_WARN_DEPRECATED_OBJC_IMPLEMENTATIONS = YES;
				CLANG_WARN_DIRECT_OBJC_ISA_USAGE = YES_ERROR;
				CLANG_WARN_DOCUMENTATION_COMMENTS = YES;
				CLANG_WARN_EMPTY_BODY = YES;
				CLANG_WARN_ENUM_CONVERSION = YES;
				CLANG_WARN_INFINITE_RECURSION = YES;
				CLANG_WARN_INT_CONVERSION = YES;
				CLANG_WARN_NON_LITERAL_NULL_CONVERSION = YES;
				CLANG_WARN_OBJC_IMPLICIT_RETAIN_SELF = YES;
				CLANG_WARN_OBJC_LITERAL_CONVERSION = YES;
				CLANG_WARN_OBJC_ROOT_CLASS = YES_ERROR;
				CLANG_WARN_RANGE_LOOP_ANALYSIS = YES;
				CLANG_WARN_STRICT_PROTOTYPES = YES;
				CLANG_WARN_SUSPICIOUS_MOVE = YES;
				CLANG_WARN_UNGUARDED_AVAILABILITY = YES_AGGRESSIVE;
				CLANG_WARN_UNREACHABLE_CODE = YES;
				CLANG_WARN__DUPLICATE_METHOD_MATCH = YES;
				CODE_SIGN_IDENTITY = "iPhone Developer";
				COPY_PHASE_STRIP = NO;
				DEBUG_INFORMATION_FORMAT = dwarf;
				ENABLE_STRICT_OBJC_MSGSEND = YES;
				ENABLE_TESTABILITY = YES;
				GCC_C_LANGUAGE_STANDARD = gnu11;
				GCC_DYNAMIC_NO_PIC = NO;
				GCC_NO_COMMON_BLOCKS = YES;
				GCC_OPTIMIZATION_LEVEL = 0;
				GCC_PREPROCESSOR_DEFINITIONS = (
					"DEBUG=1",
					"$(inherited)",
				);
				GCC_WARN_64_TO_32_BIT_CONVERSION = YES;
				GCC_WARN_ABOUT_RETURN_TYPE = YES_ERROR;
				GCC_WARN_UNDECLARED_SELECTOR = YES;
				GCC_WARN_UNINITIALIZED_AUTOS = YES_AGGRESSIVE;
				GCC_WARN_UNUSED_FUNCTION = YES;
				GCC_WARN_UNUSED_VARIABLE = YES;
				IPHONEOS_DEPLOYMENT_TARGET = 8.0;
				MTL_ENABLE_DEBUG_INFO = YES;
				ONLY_ACTIVE_ARCH = YES;
				SDKROOT = iphoneos;
				SWIFT_ACTIVE_COMPILATION_CONDITIONS = DEBUG;
				SWIFT_OPTIMIZATION_LEVEL = "-Onone";
			};
			name = Debug;
		};
		6A109319209E9E48001EE89B /* Release */ = {
			isa = XCBuildConfiguration;
			buildSettings = {
				ALWAYS_SEARCH_USER_PATHS = NO;
				CLANG_ANALYZER_NONNULL = YES;
				CLANG_ANALYZER_NUMBER_OBJECT_CONVERSION = YES_AGGRESSIVE;
				CLANG_CXX_LANGUAGE_STANDARD = "gnu++14";
				CLANG_CXX_LIBRARY = "libc++";
				CLANG_ENABLE_MODULES = YES;
				CLANG_ENABLE_OBJC_ARC = YES;
				CLANG_ENABLE_OBJC_WEAK = YES;
				CLANG_WARN_BLOCK_CAPTURE_AUTORELEASING = YES;
				CLANG_WARN_BOOL_CONVERSION = YES;
				CLANG_WARN_COMMA = YES;
				CLANG_WARN_CONSTANT_CONVERSION = YES;
				CLANG_WARN_DEPRECATED_OBJC_IMPLEMENTATIONS = YES;
				CLANG_WARN_DIRECT_OBJC_ISA_USAGE = YES_ERROR;
				CLANG_WARN_DOCUMENTATION_COMMENTS = YES;
				CLANG_WARN_EMPTY_BODY = YES;
				CLANG_WARN_ENUM_CONVERSION = YES;
				CLANG_WARN_INFINITE_RECURSION = YES;
				CLANG_WARN_INT_CONVERSION = YES;
				CLANG_WARN_NON_LITERAL_NULL_CONVERSION = YES;
				CLANG_WARN_OBJC_IMPLICIT_RETAIN_SELF = YES;
				CLANG_WARN_OBJC_LITERAL_CONVERSION = YES;
				CLANG_WARN_OBJC_ROOT_CLASS = YES_ERROR;
				CLANG_WARN_RANGE_LOOP_ANALYSIS = YES;
				CLANG_WARN_STRICT_PROTOTYPES = YES;
				CLANG_WARN_SUSPICIOUS_MOVE = YES;
				CLANG_WARN_UNGUARDED_AVAILABILITY = YES_AGGRESSIVE;
				CLANG_WARN_UNREACHABLE_CODE = YES;
				CLANG_WARN__DUPLICATE_METHOD_MATCH = YES;
				CODE_SIGN_IDENTITY = "iPhone Developer";
				COPY_PHASE_STRIP = NO;
				DEBUG_INFORMATION_FORMAT = "dwarf-with-dsym";
				ENABLE_NS_ASSERTIONS = NO;
				ENABLE_STRICT_OBJC_MSGSEND = YES;
				GCC_C_LANGUAGE_STANDARD = gnu11;
				GCC_NO_COMMON_BLOCKS = YES;
				GCC_WARN_64_TO_32_BIT_CONVERSION = YES;
				GCC_WARN_ABOUT_RETURN_TYPE = YES_ERROR;
				GCC_WARN_UNDECLARED_SELECTOR = YES;
				GCC_WARN_UNINITIALIZED_AUTOS = YES_AGGRESSIVE;
				GCC_WARN_UNUSED_FUNCTION = YES;
				GCC_WARN_UNUSED_VARIABLE = YES;
				IPHONEOS_DEPLOYMENT_TARGET = 8.0;
				MTL_ENABLE_DEBUG_INFO = NO;
				SDKROOT = iphoneos;
				SWIFT_COMPILATION_MODE = wholemodule;
				SWIFT_OPTIMIZATION_LEVEL = "-O";
				VALIDATE_PRODUCT = YES;
			};
			name = Release;
		};
		6A10931B209E9E48001EE89B /* Debug */ = {
			isa = XCBuildConfiguration;
			baseConfigurationReference = F7A74EED27295AB08AB33F20 /* Pods-TrainingMaps.debug.xcconfig */;
			buildSettings = {
				ASSETCATALOG_COMPILER_APPICON_NAME = AppIcon;
				CODE_SIGN_STYLE = Automatic;
				DEVELOPMENT_TEAM = M5H4A2L5D7;
				INFOPLIST_FILE = TrainingMaps/Info.plist;
				LD_RUNPATH_SEARCH_PATHS = (
					"$(inherited)",
					"@executable_path/Frameworks",
				);
				PRODUCT_BUNDLE_IDENTIFIER = cl.isaiasmac.TrainingMaps;
				PRODUCT_NAME = "$(TARGET_NAME)";
				SWIFT_VERSION = 4.0;
				TARGETED_DEVICE_FAMILY = "1,2";
			};
			name = Debug;
		};
		6A10931C209E9E48001EE89B /* Release */ = {
			isa = XCBuildConfiguration;
			baseConfigurationReference = 89E7DCA26E43F7970FB48253 /* Pods-TrainingMaps.release.xcconfig */;
			buildSettings = {
				ASSETCATALOG_COMPILER_APPICON_NAME = AppIcon;
				CODE_SIGN_STYLE = Automatic;
				DEVELOPMENT_TEAM = M5H4A2L5D7;
				INFOPLIST_FILE = TrainingMaps/Info.plist;
				LD_RUNPATH_SEARCH_PATHS = (
					"$(inherited)",
					"@executable_path/Frameworks",
				);
				PRODUCT_BUNDLE_IDENTIFIER = cl.isaiasmac.TrainingMaps;
				PRODUCT_NAME = "$(TARGET_NAME)";
				SWIFT_VERSION = 4.0;
				TARGETED_DEVICE_FAMILY = "1,2";
			};
			name = Release;
		};
/* End XCBuildConfiguration section */

/* Begin XCConfigurationList section */
		6A109303209E9E47001EE89B /* Build configuration list for PBXProject "TrainingMaps" */ = {
			isa = XCConfigurationList;
			buildConfigurations = (
				6A109318209E9E48001EE89B /* Debug */,
				6A109319209E9E48001EE89B /* Release */,
			);
			defaultConfigurationIsVisible = 0;
			defaultConfigurationName = Release;
		};
		6A10931A209E9E48001EE89B /* Build configuration list for PBXNativeTarget "TrainingMaps" */ = {
			isa = XCConfigurationList;
			buildConfigurations = (
				6A10931B209E9E48001EE89B /* Debug */,
				6A10931C209E9E48001EE89B /* Release */,
			);
			defaultConfigurationIsVisible = 0;
			defaultConfigurationName = Release;
		};
/* End XCConfigurationList section */
	};
	rootObject = 6A109300209E9E47001EE89B /* Project object */;
}
